// !$*UTF8*$!
{
	archiveVersion = 1;
	classes = {
	};
	objectVersion = 55;
	objects = {

/* Begin PBXBuildFile section */
		8E174C2F274BF02200237749 /* MovieModel.swift in Sources */ = {isa = PBXBuildFile; fileRef = 8E174C2E274BF02200237749 /* MovieModel.swift */; };
		8E174C31274BF2B100237749 /* OmdbRouter.swift in Sources */ = {isa = PBXBuildFile; fileRef = 8E174C30274BF2B100237749 /* OmdbRouter.swift */; };
		8E28E83F274E96A400CD2089 /* StringExtension.swift in Sources */ = {isa = PBXBuildFile; fileRef = 8E28E83E274E96A400CD2089 /* StringExtension.swift */; };
		8E28E844274F053C00CD2089 /* Differentiator in Frameworks */ = {isa = PBXBuildFile; productRef = 8E28E843274F053C00CD2089 /* Differentiator */; };
		8E28E846274F053C00CD2089 /* RxDataSources in Frameworks */ = {isa = PBXBuildFile; productRef = 8E28E845274F053C00CD2089 /* RxDataSources */; };
		8E3B4DDB274B30E2007CF355 /* MovieListModel.swift in Sources */ = {isa = PBXBuildFile; fileRef = 8E3B4DDA274B30E2007CF355 /* MovieListModel.swift */; };
		8E3B4DE2274B3E0B007CF355 /* MovieServices.swift in Sources */ = {isa = PBXBuildFile; fileRef = 8E3B4DE1274B3E0B007CF355 /* MovieServices.swift */; };
		8E3B4DE5274B3E89007CF355 /* MovieListResponse.swift in Sources */ = {isa = PBXBuildFile; fileRef = 8E3B4DE4274B3E89007CF355 /* MovieListResponse.swift */; };
		8E3B4DE8274B4485007CF355 /* Kingfisher in Frameworks */ = {isa = PBXBuildFile; productRef = 8E3B4DE7274B4485007CF355 /* Kingfisher */; };
		8E3B4DEB274B4500007CF355 /* Alamofire in Frameworks */ = {isa = PBXBuildFile; productRef = 8E3B4DEA274B4500007CF355 /* Alamofire */; };
		8E3B4DED274B5208007CF355 /* RatingModel.swift in Sources */ = {isa = PBXBuildFile; fileRef = 8E3B4DEC274B5208007CF355 /* RatingModel.swift */; };
		8E3B4DF0274B5243007CF355 /* OmdbType.swift in Sources */ = {isa = PBXBuildFile; fileRef = 8E3B4DEF274B5243007CF355 /* OmdbType.swift */; };
		8E3B4DF2274B53C0007CF355 /* MovieResponse.swift in Sources */ = {isa = PBXBuildFile; fileRef = 8E3B4DF1274B53C0007CF355 /* MovieResponse.swift */; };
		8E3B4DF5274B7A44007CF355 /* AppConstants.swift in Sources */ = {isa = PBXBuildFile; fileRef = 8E3B4DF4274B7A44007CF355 /* AppConstants.swift */; };
		8E3B4DF8274B7B0B007CF355 /* API.plist in Resources */ = {isa = PBXBuildFile; fileRef = 8E3B4DF7274B7B0B007CF355 /* API.plist */; };
		8E3B4E00274B8234007CF355 /* RxCocoa in Frameworks */ = {isa = PBXBuildFile; productRef = 8E3B4DFF274B8234007CF355 /* RxCocoa */; };
		8E3B4E02274B8234007CF355 /* RxRelay in Frameworks */ = {isa = PBXBuildFile; productRef = 8E3B4E01274B8234007CF355 /* RxRelay */; };
		8E3B4E04274B8234007CF355 /* RxSwift in Frameworks */ = {isa = PBXBuildFile; productRef = 8E3B4E03274B8234007CF355 /* RxSwift */; };
		8E49FF43274D4D8B000667E3 /* MovieViewModel.swift in Sources */ = {isa = PBXBuildFile; fileRef = 8E49FF42274D4D8B000667E3 /* MovieViewModel.swift */; };
		8EB1E6E0274C5C9F0012361A /* OmdbApiClient.swift in Sources */ = {isa = PBXBuildFile; fileRef = 8EB1E6DF274C5C9F0012361A /* OmdbApiClient.swift */; };
		8EB1E6E2274C617D0012361A /* OmdbApiError.swift in Sources */ = {isa = PBXBuildFile; fileRef = 8EB1E6E1274C617D0012361A /* OmdbApiError.swift */; };
		8EC6B728274E439100D3ED3D /* MovieDetailViewController.swift in Sources */ = {isa = PBXBuildFile; fileRef = 8EC6B727274E439100D3ED3D /* MovieDetailViewController.swift */; };
		8EC6B72A274E47EE00D3ED3D /* MovieListCollectionViewCell.swift in Sources */ = {isa = PBXBuildFile; fileRef = 8EC6B729274E47EE00D3ED3D /* MovieListCollectionViewCell.swift */; };
		8EC6B72D274E57A600D3ED3D /* AlamofireNetworkActivityLogger in Frameworks */ = {isa = PBXBuildFile; productRef = 8EC6B72C274E57A600D3ED3D /* AlamofireNetworkActivityLogger */; };
		8ECE1746274F3FEC009DF3B1 /* MovieDetailViewModel.swift in Sources */ = {isa = PBXBuildFile; fileRef = 8ECE1745274F3FEC009DF3B1 /* MovieDetailViewModel.swift */; };
		8EDCE7202748B087003040B5 /* AppDelegate.swift in Sources */ = {isa = PBXBuildFile; fileRef = 8EDCE71F2748B087003040B5 /* AppDelegate.swift */; };
		8EDCE7222748B087003040B5 /* SceneDelegate.swift in Sources */ = {isa = PBXBuildFile; fileRef = 8EDCE7212748B087003040B5 /* SceneDelegate.swift */; };
		8EDCE7242748B087003040B5 /* MovieViewController.swift in Sources */ = {isa = PBXBuildFile; fileRef = 8EDCE7232748B087003040B5 /* MovieViewController.swift */; };
		8EDCE7272748B087003040B5 /* Main.storyboard in Resources */ = {isa = PBXBuildFile; fileRef = 8EDCE7252748B087003040B5 /* Main.storyboard */; };
		8EDCE7292748B088003040B5 /* Assets.xcassets in Resources */ = {isa = PBXBuildFile; fileRef = 8EDCE7282748B088003040B5 /* Assets.xcassets */; };
		8EDCE72C2748B088003040B5 /* LaunchScreen.storyboard in Resources */ = {isa = PBXBuildFile; fileRef = 8EDCE72A2748B088003040B5 /* LaunchScreen.storyboard */; };
/* End PBXBuildFile section */

/* Begin PBXFileReference section */
		8E174C2E274BF02200237749 /* MovieModel.swift */ = {isa = PBXFileReference; lastKnownFileType = sourcecode.swift; name = MovieModel.swift; path = OmdbMovies/Model/MovieModel.swift; sourceTree = SOURCE_ROOT; };
		8E174C30274BF2B100237749 /* OmdbRouter.swift */ = {isa = PBXFileReference; lastKnownFileType = sourcecode.swift; path = OmdbRouter.swift; sourceTree = "<group>"; };
		8E28E83E274E96A400CD2089 /* StringExtension.swift */ = {isa = PBXFileReference; lastKnownFileType = sourcecode.swift; path = StringExtension.swift; sourceTree = "<group>"; };
		8E3B4DDA274B30E2007CF355 /* MovieListModel.swift */ = {isa = PBXFileReference; lastKnownFileType = sourcecode.swift; path = MovieListModel.swift; sourceTree = "<group>"; };
		8E3B4DE1274B3E0B007CF355 /* MovieServices.swift */ = {isa = PBXFileReference; lastKnownFileType = sourcecode.swift; path = MovieServices.swift; sourceTree = "<group>"; };
		8E3B4DE4274B3E89007CF355 /* MovieListResponse.swift */ = {isa = PBXFileReference; lastKnownFileType = sourcecode.swift; path = MovieListResponse.swift; sourceTree = "<group>"; };
		8E3B4DEC274B5208007CF355 /* RatingModel.swift */ = {isa = PBXFileReference; lastKnownFileType = sourcecode.swift; path = RatingModel.swift; sourceTree = "<group>"; };
		8E3B4DEF274B5243007CF355 /* OmdbType.swift */ = {isa = PBXFileReference; lastKnownFileType = sourcecode.swift; path = OmdbType.swift; sourceTree = "<group>"; };
		8E3B4DF1274B53C0007CF355 /* MovieResponse.swift */ = {isa = PBXFileReference; lastKnownFileType = sourcecode.swift; path = MovieResponse.swift; sourceTree = "<group>"; };
		8E3B4DF4274B7A44007CF355 /* AppConstants.swift */ = {isa = PBXFileReference; lastKnownFileType = sourcecode.swift; path = AppConstants.swift; sourceTree = "<group>"; };
		8E3B4DF7274B7B0B007CF355 /* API.plist */ = {isa = PBXFileReference; lastKnownFileType = text.plist.xml; path = API.plist; sourceTree = "<group>"; };
		8E49FF42274D4D8B000667E3 /* MovieViewModel.swift */ = {isa = PBXFileReference; lastKnownFileType = sourcecode.swift; path = MovieViewModel.swift; sourceTree = "<group>"; };
		8EB1E6DF274C5C9F0012361A /* OmdbApiClient.swift */ = {isa = PBXFileReference; lastKnownFileType = sourcecode.swift; path = OmdbApiClient.swift; sourceTree = "<group>"; };
		8EB1E6E1274C617D0012361A /* OmdbApiError.swift */ = {isa = PBXFileReference; lastKnownFileType = sourcecode.swift; path = OmdbApiError.swift; sourceTree = "<group>"; };
		8EC6B727274E439100D3ED3D /* MovieDetailViewController.swift */ = {isa = PBXFileReference; lastKnownFileType = sourcecode.swift; path = MovieDetailViewController.swift; sourceTree = "<group>"; };
		8EC6B729274E47EE00D3ED3D /* MovieListCollectionViewCell.swift */ = {isa = PBXFileReference; lastKnownFileType = sourcecode.swift; path = MovieListCollectionViewCell.swift; sourceTree = "<group>"; };
		8ECE1745274F3FEC009DF3B1 /* MovieDetailViewModel.swift */ = {isa = PBXFileReference; lastKnownFileType = sourcecode.swift; path = MovieDetailViewModel.swift; sourceTree = "<group>"; };
		8EDCE71C2748B087003040B5 /* OmdbMovies.app */ = {isa = PBXFileReference; explicitFileType = wrapper.application; includeInIndex = 0; path = OmdbMovies.app; sourceTree = BUILT_PRODUCTS_DIR; };
		8EDCE71F2748B087003040B5 /* AppDelegate.swift */ = {isa = PBXFileReference; lastKnownFileType = sourcecode.swift; path = AppDelegate.swift; sourceTree = "<group>"; };
		8EDCE7212748B087003040B5 /* SceneDelegate.swift */ = {isa = PBXFileReference; lastKnownFileType = sourcecode.swift; path = SceneDelegate.swift; sourceTree = "<group>"; };
		8EDCE7232748B087003040B5 /* MovieViewController.swift */ = {isa = PBXFileReference; lastKnownFileType = sourcecode.swift; path = MovieViewController.swift; sourceTree = "<group>"; };
		8EDCE7262748B087003040B5 /* Base */ = {isa = PBXFileReference; lastKnownFileType = file.storyboard; name = Base; path = Base.lproj/Main.storyboard; sourceTree = "<group>"; };
		8EDCE7282748B088003040B5 /* Assets.xcassets */ = {isa = PBXFileReference; lastKnownFileType = folder.assetcatalog; path = Assets.xcassets; sourceTree = "<group>"; };
		8EDCE72B2748B088003040B5 /* Base */ = {isa = PBXFileReference; lastKnownFileType = file.storyboard; name = Base; path = Base.lproj/LaunchScreen.storyboard; sourceTree = "<group>"; };
		8EDCE72D2748B088003040B5 /* Info.plist */ = {isa = PBXFileReference; lastKnownFileType = text.plist.xml; path = Info.plist; sourceTree = "<group>"; };
/* End PBXFileReference section */

/* Begin PBXFrameworksBuildPhase section */
		8EDCE7192748B087003040B5 /* Frameworks */ = {
			isa = PBXFrameworksBuildPhase;
			buildActionMask = 2147483647;
			files = (
				8E28E844274F053C00CD2089 /* Differentiator in Frameworks */,
				8E3B4E00274B8234007CF355 /* RxCocoa in Frameworks */,
				8E3B4DE8274B4485007CF355 /* Kingfisher in Frameworks */,
				8E3B4E04274B8234007CF355 /* RxSwift in Frameworks */,
				8EC6B72D274E57A600D3ED3D /* AlamofireNetworkActivityLogger in Frameworks */,
				8E28E846274F053C00CD2089 /* RxDataSources in Frameworks */,
				8E3B4E02274B8234007CF355 /* RxRelay in Frameworks */,
				8E3B4DEB274B4500007CF355 /* Alamofire in Frameworks */,
			);
			runOnlyForDeploymentPostprocessing = 0;
		};
/* End PBXFrameworksBuildPhase section */

/* Begin PBXGroup section */
		8E3B4DD9274B30B7007CF355 /* Model */ = {
			isa = PBXGroup;
			children = (
				8E3B4DF9274B7CD2007CF355 /* Responses */,
				8E3B4DEE274B5236007CF355 /* Enums */,
				8E3B4DDA274B30E2007CF355 /* MovieListModel.swift */,
				8E3B4DEC274B5208007CF355 /* RatingModel.swift */,
			);
			path = Model;
			sourceTree = "<group>";
		};
		8E3B4DDC274B30E7007CF355 /* ViewModel */ = {
			isa = PBXGroup;
			children = (
				8E49FF42274D4D8B000667E3 /* MovieViewModel.swift */,
				8ECE1745274F3FEC009DF3B1 /* MovieDetailViewModel.swift */,
			);
			path = ViewModel;
			sourceTree = "<group>";
		};
		8E3B4DDD274B3A91007CF355 /* ViewController */ = {
			isa = PBXGroup;
			children = (
				8EDCE7232748B087003040B5 /* MovieViewController.swift */,
				8EC6B727274E439100D3ED3D /* MovieDetailViewController.swift */,
			);
			path = ViewController;
			sourceTree = "<group>";
		};
		8E3B4DDE274B3AA5007CF355 /* View */ = {
			isa = PBXGroup;
			children = (
				8EC6B729274E47EE00D3ED3D /* MovieListCollectionViewCell.swift */,
			);
			path = View;
			sourceTree = "<group>";
		};
		8E3B4DDF274B3DE8007CF355 /* Network */ = {
			isa = PBXGroup;
			children = (
				8E174C30274BF2B100237749 /* OmdbRouter.swift */,
				8EB1E6DF274C5C9F0012361A /* OmdbApiClient.swift */,
				8EB1E6E1274C617D0012361A /* OmdbApiError.swift */,
			);
			path = Network;
			sourceTree = "<group>";
		};
		8E3B4DE0274B3DF2007CF355 /* Services */ = {
			isa = PBXGroup;
			children = (
				8E3B4DE1274B3E0B007CF355 /* MovieServices.swift */,
			);
			path = Services;
			sourceTree = "<group>";
		};
		8E3B4DEE274B5236007CF355 /* Enums */ = {
			isa = PBXGroup;
			children = (
				8E3B4DEF274B5243007CF355 /* OmdbType.swift */,
				8E174C2E274BF02200237749 /* MovieModel.swift */,
			);
			path = Enums;
			sourceTree = "<group>";
		};
		8E3B4DF3274B7A1C007CF355 /* Utils */ = {
			isa = PBXGroup;
			children = (
				8E3B4DF4274B7A44007CF355 /* AppConstants.swift */,
				8E28E83E274E96A400CD2089 /* StringExtension.swift */,
			);
			path = Utils;
			sourceTree = "<group>";
		};
		8E3B4DF6274B7AF1007CF355 /* Resources */ = {
			isa = PBXGroup;
			children = (
				8E3B4DF7274B7B0B007CF355 /* API.plist */,
			);
			path = Resources;
			sourceTree = "<group>";
		};
		8E3B4DF9274B7CD2007CF355 /* Responses */ = {
			isa = PBXGroup;
			children = (
				8E3B4DF1274B53C0007CF355 /* MovieResponse.swift */,
				8E3B4DE4274B3E89007CF355 /* MovieListResponse.swift */,
			);
			path = Responses;
			sourceTree = "<group>";
		};
		8EDCE7132748B087003040B5 = {
			isa = PBXGroup;
			children = (
				8EDCE71E2748B087003040B5 /* OmdbMovies */,
				8EDCE71D2748B087003040B5 /* Products */,
			);
			sourceTree = "<group>";
		};
		8EDCE71D2748B087003040B5 /* Products */ = {
			isa = PBXGroup;
			children = (
				8EDCE71C2748B087003040B5 /* OmdbMovies.app */,
			);
			name = Products;
			sourceTree = "<group>";
		};
		8EDCE71E2748B087003040B5 /* OmdbMovies */ = {
			isa = PBXGroup;
			children = (
				8E3B4DE0274B3DF2007CF355 /* Services */,
				8E3B4DDF274B3DE8007CF355 /* Network */,
				8E3B4DDE274B3AA5007CF355 /* View */,
				8E3B4DDD274B3A91007CF355 /* ViewController */,
				8E3B4DD9274B30B7007CF355 /* Model */,
				8E3B4DDC274B30E7007CF355 /* ViewModel */,
				8E3B4DF6274B7AF1007CF355 /* Resources */,
				8E3B4DF3274B7A1C007CF355 /* Utils */,
				8EDCE71F2748B087003040B5 /* AppDelegate.swift */,
				8EDCE7212748B087003040B5 /* SceneDelegate.swift */,
				8EDCE7252748B087003040B5 /* Main.storyboard */,
				8EDCE7282748B088003040B5 /* Assets.xcassets */,
				8EDCE72A2748B088003040B5 /* LaunchScreen.storyboard */,
				8EDCE72D2748B088003040B5 /* Info.plist */,
			);
			path = OmdbMovies;
			sourceTree = "<group>";
		};
/* End PBXGroup section */

/* Begin PBXNativeTarget section */
		8EDCE71B2748B087003040B5 /* OmdbMovies */ = {
			isa = PBXNativeTarget;
			buildConfigurationList = 8EDCE7302748B088003040B5 /* Build configuration list for PBXNativeTarget "OmdbMovies" */;
			buildPhases = (
				8EDCE7182748B087003040B5 /* Sources */,
				8EDCE7192748B087003040B5 /* Frameworks */,
				8EDCE71A2748B087003040B5 /* Resources */,
			);
			buildRules = (
			);
			dependencies = (
			);
			name = OmdbMovies;
			packageProductDependencies = (
				8E3B4DE7274B4485007CF355 /* Kingfisher */,
				8E3B4DEA274B4500007CF355 /* Alamofire */,
				8E3B4DFF274B8234007CF355 /* RxCocoa */,
				8E3B4E01274B8234007CF355 /* RxRelay */,
				8E3B4E03274B8234007CF355 /* RxSwift */,
				8EC6B72C274E57A600D3ED3D /* AlamofireNetworkActivityLogger */,
				8E28E843274F053C00CD2089 /* Differentiator */,
				8E28E845274F053C00CD2089 /* RxDataSources */,
			);
			productName = OmdbMovies;
			productReference = 8EDCE71C2748B087003040B5 /* OmdbMovies.app */;
			productType = "com.apple.product-type.application";
		};
/* End PBXNativeTarget section */

/* Begin PBXProject section */
		8EDCE7142748B087003040B5 /* Project object */ = {
			isa = PBXProject;
			attributes = {
				BuildIndependentTargetsInParallel = 1;
				LastSwiftUpdateCheck = 1310;
				LastUpgradeCheck = 1310;
				ORGANIZATIONNAME = LongTM3;
				TargetAttributes = {
					8EDCE71B2748B087003040B5 = {
						CreatedOnToolsVersion = 13.1;
					};
				};
			};
			buildConfigurationList = 8EDCE7172748B087003040B5 /* Build configuration list for PBXProject "OmdbMovies" */;
			compatibilityVersion = "Xcode 13.0";
			developmentRegion = en;
			hasScannedForEncodings = 0;
			knownRegions = (
				en,
				Base,
			);
			mainGroup = 8EDCE7132748B087003040B5;
			packageReferences = (
				8E3B4DE6274B4485007CF355 /* XCRemoteSwiftPackageReference "Kingfisher" */,
				8E3B4DE9274B4500007CF355 /* XCRemoteSwiftPackageReference "Alamofire" */,
				8E3B4DFE274B8234007CF355 /* XCRemoteSwiftPackageReference "RxSwift" */,
				8EC6B72B274E57A600D3ED3D /* XCRemoteSwiftPackageReference "AlamofireNetworkActivityLogger" */,
				8E28E842274F053C00CD2089 /* XCRemoteSwiftPackageReference "RxDataSources" */,
			);
			productRefGroup = 8EDCE71D2748B087003040B5 /* Products */;
			projectDirPath = "";
			projectRoot = "";
			targets = (
				8EDCE71B2748B087003040B5 /* OmdbMovies */,
			);
		};
/* End PBXProject section */

/* Begin PBXResourcesBuildPhase section */
		8EDCE71A2748B087003040B5 /* Resources */ = {
			isa = PBXResourcesBuildPhase;
			buildActionMask = 2147483647;
			files = (
				8EDCE72C2748B088003040B5 /* LaunchScreen.storyboard in Resources */,
				8E3B4DF8274B7B0B007CF355 /* API.plist in Resources */,
				8EDCE7292748B088003040B5 /* Assets.xcassets in Resources */,
				8EDCE7272748B087003040B5 /* Main.storyboard in Resources */,
			);
			runOnlyForDeploymentPostprocessing = 0;
		};
/* End PBXResourcesBuildPhase section */

/* Begin PBXSourcesBuildPhase section */
		8EDCE7182748B087003040B5 /* Sources */ = {
			isa = PBXSourcesBuildPhase;
			buildActionMask = 2147483647;
			files = (
				8E174C2F274BF02200237749 /* MovieModel.swift in Sources */,
				8ECE1746274F3FEC009DF3B1 /* MovieDetailViewModel.swift in Sources */,
				8E3B4DF2274B53C0007CF355 /* MovieResponse.swift in Sources */,
				8EDCE7242748B087003040B5 /* MovieViewController.swift in Sources */,
				8EDCE7202748B087003040B5 /* AppDelegate.swift in Sources */,
				8E3B4DE5274B3E89007CF355 /* MovieListResponse.swift in Sources */,
				8E3B4DE2274B3E0B007CF355 /* MovieServices.swift in Sources */,
				8EC6B72A274E47EE00D3ED3D /* MovieListCollectionViewCell.swift in Sources */,
				8E3B4DF5274B7A44007CF355 /* AppConstants.swift in Sources */,
				8E3B4DED274B5208007CF355 /* RatingModel.swift in Sources */,
				8E3B4DF0274B5243007CF355 /* OmdbType.swift in Sources */,
				8E3B4DDB274B30E2007CF355 /* MovieListModel.swift in Sources */,
				8EDCE7222748B087003040B5 /* SceneDelegate.swift in Sources */,
				8E49FF43274D4D8B000667E3 /* MovieViewModel.swift in Sources */,
				8EC6B728274E439100D3ED3D /* MovieDetailViewController.swift in Sources */,
				8E28E83F274E96A400CD2089 /* StringExtension.swift in Sources */,
				8EB1E6E0274C5C9F0012361A /* OmdbApiClient.swift in Sources */,
				8E174C31274BF2B100237749 /* OmdbRouter.swift in Sources */,
				8EB1E6E2274C617D0012361A /* OmdbApiError.swift in Sources */,
			);
			runOnlyForDeploymentPostprocessing = 0;
		};
/* End PBXSourcesBuildPhase section */

/* Begin PBXVariantGroup section */
		8EDCE7252748B087003040B5 /* Main.storyboard */ = {
			isa = PBXVariantGroup;
			children = (
				8EDCE7262748B087003040B5 /* Base */,
			);
			name = Main.storyboard;
			sourceTree = "<group>";
		};
		8EDCE72A2748B088003040B5 /* LaunchScreen.storyboard */ = {
			isa = PBXVariantGroup;
			children = (
				8EDCE72B2748B088003040B5 /* Base */,
			);
			name = LaunchScreen.storyboard;
			sourceTree = "<group>";
		};
/* End PBXVariantGroup section */

/* Begin XCBuildConfiguration section */
		8EDCE72E2748B088003040B5 /* Debug */ = {
			isa = XCBuildConfiguration;
			buildSettings = {
				ALWAYS_SEARCH_USER_PATHS = NO;
				CLANG_ANALYZER_NONNULL = YES;
				CLANG_ANALYZER_NUMBER_OBJECT_CONVERSION = YES_AGGRESSIVE;
				CLANG_CXX_LANGUAGE_STANDARD = "gnu++17";
				CLANG_CXX_LIBRARY = "libc++";
				CLANG_ENABLE_MODULES = YES;
				CLANG_ENABLE_OBJC_ARC = YES;
				CLANG_ENABLE_OBJC_WEAK = YES;
				CLANG_WARN_BLOCK_CAPTURE_AUTORELEASING = YES;
				CLANG_WARN_BOOL_CONVERSION = YES;
				CLANG_WARN_COMMA = YES;
				CLANG_WARN_CONSTANT_CONVERSION = YES;
				CLANG_WARN_DEPRECATED_OBJC_IMPLEMENTATIONS = YES;
				CLANG_WARN_DIRECT_OBJC_ISA_USAGE = YES_ERROR;
				CLANG_WARN_DOCUMENTATION_COMMENTS = YES;
				CLANG_WARN_EMPTY_BODY = YES;
				CLANG_WARN_ENUM_CONVERSION = YES;
				CLANG_WARN_INFINITE_RECURSION = YES;
				CLANG_WARN_INT_CONVERSION = YES;
				CLANG_WARN_NON_LITERAL_NULL_CONVERSION = YES;
				CLANG_WARN_OBJC_IMPLICIT_RETAIN_SELF = YES;
				CLANG_WARN_OBJC_LITERAL_CONVERSION = YES;
				CLANG_WARN_OBJC_ROOT_CLASS = YES_ERROR;
				CLANG_WARN_QUOTED_INCLUDE_IN_FRAMEWORK_HEADER = YES;
				CLANG_WARN_RANGE_LOOP_ANALYSIS = YES;
				CLANG_WARN_STRICT_PROTOTYPES = YES;
				CLANG_WARN_SUSPICIOUS_MOVE = YES;
				CLANG_WARN_UNGUARDED_AVAILABILITY = YES_AGGRESSIVE;
				CLANG_WARN_UNREACHABLE_CODE = YES;
				CLANG_WARN__DUPLICATE_METHOD_MATCH = YES;
				COPY_PHASE_STRIP = NO;
				DEBUG_INFORMATION_FORMAT = dwarf;
				ENABLE_STRICT_OBJC_MSGSEND = YES;
				ENABLE_TESTABILITY = YES;
				GCC_C_LANGUAGE_STANDARD = gnu11;
				GCC_DYNAMIC_NO_PIC = NO;
				GCC_NO_COMMON_BLOCKS = YES;
				GCC_OPTIMIZATION_LEVEL = 0;
				GCC_PREPROCESSOR_DEFINITIONS = (
					"DEBUG=1",
					"$(inherited)",
				);
				GCC_WARN_64_TO_32_BIT_CONVERSION = YES;
				GCC_WARN_ABOUT_RETURN_TYPE = YES_ERROR;
				GCC_WARN_UNDECLARED_SELECTOR = YES;
				GCC_WARN_UNINITIALIZED_AUTOS = YES_AGGRESSIVE;
				GCC_WARN_UNUSED_FUNCTION = YES;
				GCC_WARN_UNUSED_VARIABLE = YES;
				IPHONEOS_DEPLOYMENT_TARGET = 13.0;
				MTL_ENABLE_DEBUG_INFO = INCLUDE_SOURCE;
				MTL_FAST_MATH = YES;
				ONLY_ACTIVE_ARCH = YES;
				SDKROOT = iphoneos;
				SWIFT_ACTIVE_COMPILATION_CONDITIONS = DEBUG;
				SWIFT_OPTIMIZATION_LEVEL = "-Onone";
			};
			name = Debug;
		};
		8EDCE72F2748B088003040B5 /* Release */ = {
			isa = XCBuildConfiguration;
			buildSettings = {
				ALWAYS_SEARCH_USER_PATHS = NO;
				CLANG_ANALYZER_NONNULL = YES;
				CLANG_ANALYZER_NUMBER_OBJECT_CONVERSION = YES_AGGRESSIVE;
				CLANG_CXX_LANGUAGE_STANDARD = "gnu++17";
				CLANG_CXX_LIBRARY = "libc++";
				CLANG_ENABLE_MODULES = YES;
				CLANG_ENABLE_OBJC_ARC = YES;
				CLANG_ENABLE_OBJC_WEAK = YES;
				CLANG_WARN_BLOCK_CAPTURE_AUTORELEASING = YES;
				CLANG_WARN_BOOL_CONVERSION = YES;
				CLANG_WARN_COMMA = YES;
				CLANG_WARN_CONSTANT_CONVERSION = YES;
				CLANG_WARN_DEPRECATED_OBJC_IMPLEMENTATIONS = YES;
				CLANG_WARN_DIRECT_OBJC_ISA_USAGE = YES_ERROR;
				CLANG_WARN_DOCUMENTATION_COMMENTS = YES;
				CLANG_WARN_EMPTY_BODY = YES;
				CLANG_WARN_ENUM_CONVERSION = YES;
				CLANG_WARN_INFINITE_RECURSION = YES;
				CLANG_WARN_INT_CONVERSION = YES;
				CLANG_WARN_NON_LITERAL_NULL_CONVERSION = YES;
				CLANG_WARN_OBJC_IMPLICIT_RETAIN_SELF = YES;
				CLANG_WARN_OBJC_LITERAL_CONVERSION = YES;
				CLANG_WARN_OBJC_ROOT_CLASS = YES_ERROR;
				CLANG_WARN_QUOTED_INCLUDE_IN_FRAMEWORK_HEADER = YES;
				CLANG_WARN_RANGE_LOOP_ANALYSIS = YES;
				CLANG_WARN_STRICT_PROTOTYPES = YES;
				CLANG_WARN_SUSPICIOUS_MOVE = YES;
				CLANG_WARN_UNGUARDED_AVAILABILITY = YES_AGGRESSIVE;
				CLANG_WARN_UNREACHABLE_CODE = YES;
				CLANG_WARN__DUPLICATE_METHOD_MATCH = YES;
				COPY_PHASE_STRIP = NO;
				DEBUG_INFORMATION_FORMAT = "dwarf-with-dsym";
				ENABLE_NS_ASSERTIONS = NO;
				ENABLE_STRICT_OBJC_MSGSEND = YES;
				GCC_C_LANGUAGE_STANDARD = gnu11;
				GCC_NO_COMMON_BLOCKS = YES;
				GCC_WARN_64_TO_32_BIT_CONVERSION = YES;
				GCC_WARN_ABOUT_RETURN_TYPE = YES_ERROR;
				GCC_WARN_UNDECLARED_SELECTOR = YES;
				GCC_WARN_UNINITIALIZED_AUTOS = YES_AGGRESSIVE;
				GCC_WARN_UNUSED_FUNCTION = YES;
				GCC_WARN_UNUSED_VARIABLE = YES;
				IPHONEOS_DEPLOYMENT_TARGET = 13.0;
				MTL_ENABLE_DEBUG_INFO = NO;
				MTL_FAST_MATH = YES;
				SDKROOT = iphoneos;
				SWIFT_COMPILATION_MODE = wholemodule;
				SWIFT_OPTIMIZATION_LEVEL = "-O";
				VALIDATE_PRODUCT = YES;
			};
			name = Release;
		};
		8EDCE7312748B088003040B5 /* Debug */ = {
			isa = XCBuildConfiguration;
			buildSettings = {
				ASSETCATALOG_COMPILER_APPICON_NAME = AppIcon;
				ASSETCATALOG_COMPILER_GLOBAL_ACCENT_COLOR_NAME = AccentColor;
				CODE_SIGN_STYLE = Automatic;
				CURRENT_PROJECT_VERSION = 1;
				GENERATE_INFOPLIST_FILE = YES;
				INFOPLIST_FILE = OmdbMovies/Info.plist;
				INFOPLIST_KEY_CFBundleDisplayName = "OMDB Movies";
				INFOPLIST_KEY_UIApplicationSupportsIndirectInputEvents = YES;
				INFOPLIST_KEY_UILaunchStoryboardName = LaunchScreen;
				INFOPLIST_KEY_UIMainStoryboardFile = Main;
				INFOPLIST_KEY_UISupportedInterfaceOrientations = UIInterfaceOrientationPortrait;
				INFOPLIST_KEY_UISupportedInterfaceOrientations_iPad = "UIInterfaceOrientationPortrait UIInterfaceOrientationPortraitUpsideDown UIInterfaceOrientationLandscapeLeft UIInterfaceOrientationLandscapeRight";
				INFOPLIST_KEY_UISupportedInterfaceOrientations_iPhone = "UIInterfaceOrientationPortrait UIInterfaceOrientationLandscapeLeft UIInterfaceOrientationLandscapeRight";
				IPHONEOS_DEPLOYMENT_TARGET = 13.0;
				LD_RUNPATH_SEARCH_PATHS = (
					"$(inherited)",
					"@executable_path/Frameworks",
				);
				MARKETING_VERSION = 1.0;
				PRODUCT_BUNDLE_IDENTIFIER = longtranz.OmdbMovies;
				PRODUCT_NAME = "$(TARGET_NAME)";
				SWIFT_EMIT_LOC_STRINGS = YES;
				SWIFT_VERSION = 5.0;
				TARGETED_DEVICE_FAMILY = 1;
			};
			name = Debug;
		};
		8EDCE7322748B088003040B5 /* Release */ = {
			isa = XCBuildConfiguration;
			buildSettings = {
				ASSETCATALOG_COMPILER_APPICON_NAME = AppIcon;
				ASSETCATALOG_COMPILER_GLOBAL_ACCENT_COLOR_NAME = AccentColor;
				CODE_SIGN_STYLE = Automatic;
				CURRENT_PROJECT_VERSION = 1;
				GENERATE_INFOPLIST_FILE = YES;
				INFOPLIST_FILE = OmdbMovies/Info.plist;
				INFOPLIST_KEY_CFBundleDisplayName = "OMDB Movies";
				INFOPLIST_KEY_UIApplicationSupportsIndirectInputEvents = YES;
				INFOPLIST_KEY_UILaunchStoryboardName = LaunchScreen;
				INFOPLIST_KEY_UIMainStoryboardFile = Main;
				INFOPLIST_KEY_UISupportedInterfaceOrientations = UIInterfaceOrientationPortrait;
				INFOPLIST_KEY_UISupportedInterfaceOrientations_iPad = "UIInterfaceOrientationPortrait UIInterfaceOrientationPortraitUpsideDown UIInterfaceOrientationLandscapeLeft UIInterfaceOrientationLandscapeRight";
				INFOPLIST_KEY_UISupportedInterfaceOrientations_iPhone = "UIInterfaceOrientationPortrait UIInterfaceOrientationLandscapeLeft UIInterfaceOrientationLandscapeRight";
				IPHONEOS_DEPLOYMENT_TARGET = 13.0;
				LD_RUNPATH_SEARCH_PATHS = (
					"$(inherited)",
					"@executable_path/Frameworks",
				);
				MARKETING_VERSION = 1.0;
				PRODUCT_BUNDLE_IDENTIFIER = longtranz.OmdbMovies;
				PRODUCT_NAME = "$(TARGET_NAME)";
				SWIFT_EMIT_LOC_STRINGS = YES;
				SWIFT_VERSION = 5.0;
				TARGETED_DEVICE_FAMILY = 1;
			};
			name = Release;
		};
/* End XCBuildConfiguration section */

/* Begin XCConfigurationList section */
		8EDCE7172748B087003040B5 /* Build configuration list for PBXProject "OmdbMovies" */ = {
			isa = XCConfigurationList;
			buildConfigurations = (
				8EDCE72E2748B088003040B5 /* Debug */,
				8EDCE72F2748B088003040B5 /* Release */,
			);
			defaultConfigurationIsVisible = 0;
			defaultConfigurationName = Release;
		};
		8EDCE7302748B088003040B5 /* Build configuration list for PBXNativeTarget "OmdbMovies" */ = {
			isa = XCConfigurationList;
			buildConfigurations = (
				8EDCE7312748B088003040B5 /* Debug */,
				8EDCE7322748B088003040B5 /* Release */,
			);
			defaultConfigurationIsVisible = 0;
			defaultConfigurationName = Release;
		};
/* End XCConfigurationList section */

/* Begin XCRemoteSwiftPackageReference section */
		8E28E842274F053C00CD2089 /* XCRemoteSwiftPackageReference "RxDataSources" */ = {
			isa = XCRemoteSwiftPackageReference;
			repositoryURL = "https://github.com/RxSwiftCommunity/RxDataSources.git";
			requirement = {
				kind = upToNextMajorVersion;
				minimumVersion = 5.0.0;
			};
		};
		8E3B4DE6274B4485007CF355 /* XCRemoteSwiftPackageReference "Kingfisher" */ = {
			isa = XCRemoteSwiftPackageReference;
			repositoryURL = "https://github.com/onevcat/Kingfisher.git";
			requirement = {
				kind = upToNextMajorVersion;
				minimumVersion = 7.0.0;
			};
		};
		8E3B4DE9274B4500007CF355 /* XCRemoteSwiftPackageReference "Alamofire" */ = {
			isa = XCRemoteSwiftPackageReference;
			repositoryURL = "https://github.com/Alamofire/Alamofire.git";
			requirement = {
				kind = upToNextMajorVersion;
				minimumVersion = 5.0.0;
			};
		};
		8E3B4DFE274B8234007CF355 /* XCRemoteSwiftPackageReference "RxSwift" */ = {
			isa = XCRemoteSwiftPackageReference;
			repositoryURL = "https://github.com/ReactiveX/RxSwift.git";
			requirement = {
				kind = upToNextMajorVersion;
				minimumVersion = 6.0.0;
			};
		};
		8EC6B72B274E57A600D3ED3D /* XCRemoteSwiftPackageReference "AlamofireNetworkActivityLogger" */ = {
			isa = XCRemoteSwiftPackageReference;
			repositoryURL = "https://github.com/konkab/AlamofireNetworkActivityLogger.git";
			requirement = {
				kind = upToNextMajorVersion;
				minimumVersion = 3.0.0;
			};
		};
/* End XCRemoteSwiftPackageReference section */

/* Begin XCSwiftPackageProductDependency section */
		8E28E843274F053C00CD2089 /* Differentiator */ = {
			isa = XCSwiftPackageProductDependency;
			package = 8E28E842274F053C00CD2089 /* XCRemoteSwiftPackageReference "RxDataSources" */;
			productName = Differentiator;
		};
		8E28E845274F053C00CD2089 /* RxDataSources */ = {
			isa = XCSwiftPackageProductDependency;
			package = 8E28E842274F053C00CD2089 /* XCRemoteSwiftPackageReference "RxDataSources" */;
			productName = RxDataSources;
		};
		8E3B4DE7274B4485007CF355 /* Kingfisher */ = {
			isa = XCSwiftPackageProductDependency;
			package = 8E3B4DE6274B4485007CF355 /* XCRemoteSwiftPackageReference "Kingfisher" */;
			productName = Kingfisher;
		};
		8E3B4DEA274B4500007CF355 /* Alamofire */ = {
			isa = XCSwiftPackageProductDependency;
			package = 8E3B4DE9274B4500007CF355 /* XCRemoteSwiftPackageReference "Alamofire" */;
			productName = Alamofire;
		};
		8E3B4DFF274B8234007CF355 /* RxCocoa */ = {
			isa = XCSwiftPackageProductDependency;
			package = 8E3B4DFE274B8234007CF355 /* XCRemoteSwiftPackageReference "RxSwift" */;
			productName = RxCocoa;
		};
		8E3B4E01274B8234007CF355 /* RxRelay */ = {
			isa = XCSwiftPackageProductDependency;
			package = 8E3B4DFE274B8234007CF355 /* XCRemoteSwiftPackageReference "RxSwift" */;
			productName = RxRelay;
		};
		8E3B4E03274B8234007CF355 /* RxSwift */ = {
			isa = XCSwiftPackageProductDependency;
			package = 8E3B4DFE274B8234007CF355 /* XCRemoteSwiftPackageReference "RxSwift" */;
			productName = RxSwift;
		};
		8EC6B72C274E57A600D3ED3D /* AlamofireNetworkActivityLogger */ = {
			isa = XCSwiftPackageProductDependency;
			package = 8EC6B72B274E57A600D3ED3D /* XCRemoteSwiftPackageReference "AlamofireNetworkActivityLogger" */;
			productName = AlamofireNetworkActivityLogger;
		};
/* End XCSwiftPackageProductDependency section */
	};
	rootObject = 8EDCE7142748B087003040B5 /* Project object */;
}
